// !$*UTF8*$!
{
	archiveVersion = 1;
	classes = {
	};
	objectVersion = 50;
	objects = {

/* Begin PBXBuildFile section */
		9A9C362726E9EC68000843FC /* MoonshotApp.swift in Sources */ = {isa = PBXBuildFile; fileRef = 9A9C362626E9EC68000843FC /* MoonshotApp.swift */; };
		9A9C362926E9EC68000843FC /* ContentView.swift in Sources */ = {isa = PBXBuildFile; fileRef = 9A9C362826E9EC68000843FC /* ContentView.swift */; };
		9A9C362B26E9EC68000843FC /* Assets.xcassets in Resources */ = {isa = PBXBuildFile; fileRef = 9A9C362A26E9EC68000843FC /* Assets.xcassets */; };
		9A9C362E26E9EC68000843FC /* Preview Assets.xcassets in Resources */ = {isa = PBXBuildFile; fileRef = 9A9C362D26E9EC68000843FC /* Preview Assets.xcassets */; };
		9A9C363726EA8AC6000843FC /* astronauts.json in Resources */ = {isa = PBXBuildFile; fileRef = 9A9C363526EA8AC6000843FC /* astronauts.json */; };
		9A9C363826EA8AC6000843FC /* missions.json in Resources */ = {isa = PBXBuildFile; fileRef = 9A9C363626EA8AC6000843FC /* missions.json */; };
		9A9C363A26EA8C21000843FC /* Astronaut.swift in Sources */ = {isa = PBXBuildFile; fileRef = 9A9C363926EA8C21000843FC /* Astronaut.swift */; };
		9A9C363C26EA8D64000843FC /* Bundle-Decodable.swift in Sources */ = {isa = PBXBuildFile; fileRef = 9A9C363B26EA8D64000843FC /* Bundle-Decodable.swift */; };
		9A9C363E26EA94A2000843FC /* Mission.swift in Sources */ = {isa = PBXBuildFile; fileRef = 9A9C363D26EA94A2000843FC /* Mission.swift */; };
		9A9C364026ED09DB000843FC /* MissionView.swift in Sources */ = {isa = PBXBuildFile; fileRef = 9A9C363F26ED09DB000843FC /* MissionView.swift */; };
		9A9C364226ED118A000843FC /* AstronautView.swift in Sources */ = {isa = PBXBuildFile; fileRef = 9A9C364126ED118A000843FC /* AstronautView.swift */; };
		9A9C364426ED30C0000843FC /* Data.swift in Sources */ = {isa = PBXBuildFile; fileRef = 9A9C364326ED30C0000843FC /* Data.swift */; };
/* End PBXBuildFile section */

/* Begin PBXFileReference section */
		9A9C362326E9EC68000843FC /* Moonshot.app */ = {isa = PBXFileReference; explicitFileType = wrapper.application; includeInIndex = 0; path = Moonshot.app; sourceTree = BUILT_PRODUCTS_DIR; };
		9A9C362626E9EC68000843FC /* MoonshotApp.swift */ = {isa = PBXFileReference; lastKnownFileType = sourcecode.swift; path = MoonshotApp.swift; sourceTree = "<group>"; };
		9A9C362826E9EC68000843FC /* ContentView.swift */ = {isa = PBXFileReference; lastKnownFileType = sourcecode.swift; path = ContentView.swift; sourceTree = "<group>"; };
		9A9C362A26E9EC68000843FC /* Assets.xcassets */ = {isa = PBXFileReference; lastKnownFileType = folder.assetcatalog; path = Assets.xcassets; sourceTree = "<group>"; };
		9A9C362D26E9EC68000843FC /* Preview Assets.xcassets */ = {isa = PBXFileReference; lastKnownFileType = folder.assetcatalog; path = "Preview Assets.xcassets"; sourceTree = "<group>"; };
		9A9C362F26E9EC68000843FC /* Info.plist */ = {isa = PBXFileReference; lastKnownFileType = text.plist.xml; path = Info.plist; sourceTree = "<group>"; };
		9A9C363526EA8AC6000843FC /* astronauts.json */ = {isa = PBXFileReference; fileEncoding = 4; lastKnownFileType = text.json; path = astronauts.json; sourceTree = "<group>"; };
		9A9C363626EA8AC6000843FC /* missions.json */ = {isa = PBXFileReference; fileEncoding = 4; lastKnownFileType = text.json; path = missions.json; sourceTree = "<group>"; };
		9A9C363926EA8C21000843FC /* Astronaut.swift */ = {isa = PBXFileReference; lastKnownFileType = sourcecode.swift; path = Astronaut.swift; sourceTree = "<group>"; };
		9A9C363B26EA8D64000843FC /* Bundle-Decodable.swift */ = {isa = PBXFileReference; lastKnownFileType = sourcecode.swift; path = "Bundle-Decodable.swift"; sourceTree = "<group>"; };
		9A9C363D26EA94A2000843FC /* Mission.swift */ = {isa = PBXFileReference; lastKnownFileType = sourcecode.swift; path = Mission.swift; sourceTree = "<group>"; };
		9A9C363F26ED09DB000843FC /* MissionView.swift */ = {isa = PBXFileReference; lastKnownFileType = sourcecode.swift; path = MissionView.swift; sourceTree = "<group>"; };
		9A9C364126ED118A000843FC /* AstronautView.swift */ = {isa = PBXFileReference; lastKnownFileType = sourcecode.swift; path = AstronautView.swift; sourceTree = "<group>"; };
		9A9C364326ED30C0000843FC /* Data.swift */ = {isa = PBXFileReference; lastKnownFileType = sourcecode.swift; path = Data.swift; sourceTree = "<group>"; };
/* End PBXFileReference section */

/* Begin PBXFrameworksBuildPhase section */
		9A9C362026E9EC68000843FC /* Frameworks */ = {
			isa = PBXFrameworksBuildPhase;
			buildActionMask = 2147483647;
			files = (
			);
			runOnlyForDeploymentPostprocessing = 0;
		};
/* End PBXFrameworksBuildPhase section */

/* Begin PBXGroup section */
		9A9C361A26E9EC68000843FC = {
			isa = PBXGroup;
			children = (
				9A9C362526E9EC68000843FC /* Moonshot */,
				9A9C362426E9EC68000843FC /* Products */,
			);
			sourceTree = "<group>";
		};
		9A9C362426E9EC68000843FC /* Products */ = {
			isa = PBXGroup;
			children = (
				9A9C362326E9EC68000843FC /* Moonshot.app */,
			);
			name = Products;
			sourceTree = "<group>";
		};
		9A9C362526E9EC68000843FC /* Moonshot */ = {
			isa = PBXGroup;
			children = (
				9A9C362626E9EC68000843FC /* MoonshotApp.swift */,
				9A9C362826E9EC68000843FC /* ContentView.swift */,
				9A9C364326ED30C0000843FC /* Data.swift */,
				9A9C364126ED118A000843FC /* AstronautView.swift */,
				9A9C363D26EA94A2000843FC /* Mission.swift */,
				9A9C363F26ED09DB000843FC /* MissionView.swift */,
				9A9C363926EA8C21000843FC /* Astronaut.swift */,
				9A9C363B26EA8D64000843FC /* Bundle-Decodable.swift */,
				9A9C362A26E9EC68000843FC /* Assets.xcassets */,
				9A9C363526EA8AC6000843FC /* astronauts.json */,
				9A9C363626EA8AC6000843FC /* missions.json */,
				9A9C362F26E9EC68000843FC /* Info.plist */,
				9A9C362C26E9EC68000843FC /* Preview Content */,
			);
			path = Moonshot;
			sourceTree = "<group>";
		};
		9A9C362C26E9EC68000843FC /* Preview Content */ = {
			isa = PBXGroup;
			children = (
				9A9C362D26E9EC68000843FC /* Preview Assets.xcassets */,
			);
			path = "Preview Content";
			sourceTree = "<group>";
		};
/* End PBXGroup section */

/* Begin PBXNativeTarget section */
		9A9C362226E9EC68000843FC /* Moonshot */ = {
			isa = PBXNativeTarget;
			buildConfigurationList = 9A9C363226E9EC68000843FC /* Build configuration list for PBXNativeTarget "Moonshot" */;
			buildPhases = (
				9A9C361F26E9EC68000843FC /* Sources */,
				9A9C362026E9EC68000843FC /* Frameworks */,
				9A9C362126E9EC68000843FC /* Resources */,
			);
			buildRules = (
			);
			dependencies = (
			);
			name = Moonshot;
			productName = Moonshot;
			productReference = 9A9C362326E9EC68000843FC /* Moonshot.app */;
			productType = "com.apple.product-type.application";
		};
/* End PBXNativeTarget section */

/* Begin PBXProject section */
		9A9C361B26E9EC68000843FC /* Project object */ = {
			isa = PBXProject;
			attributes = {
				LastSwiftUpdateCheck = 1250;
				LastUpgradeCheck = 1250;
				TargetAttributes = {
					9A9C362226E9EC68000843FC = {
						CreatedOnToolsVersion = 12.5.1;
					};
				};
			};
			buildConfigurationList = 9A9C361E26E9EC68000843FC /* Build configuration list for PBXProject "Moonshot" */;
			compatibilityVersion = "Xcode 9.3";
			developmentRegion = en;
			hasScannedForEncodings = 0;
			knownRegions = (
				en,
				Base,
			);
			mainGroup = 9A9C361A26E9EC68000843FC;
			productRefGroup = 9A9C362426E9EC68000843FC /* Products */;
			projectDirPath = "";
			projectRoot = "";
			targets = (
				9A9C362226E9EC68000843FC /* Moonshot */,
			);
		};
/* End PBXProject section */

/* Begin PBXResourcesBuildPhase section */
		9A9C362126E9EC68000843FC /* Resources */ = {
			isa = PBXResourcesBuildPhase;
			buildActionMask = 2147483647;
			files = (
				9A9C363726EA8AC6000843FC /* astronauts.json in Resources */,
				9A9C362E26E9EC68000843FC /* Preview Assets.xcassets in Resources */,
				9A9C363826EA8AC6000843FC /* missions.json in Resources */,
				9A9C362B26E9EC68000843FC /* Assets.xcassets in Resources */,
			);
			runOnlyForDeploymentPostprocessing = 0;
		};
/* End PBXResourcesBuildPhase section */

/* Begin PBXSourcesBuildPhase section */
		9A9C361F26E9EC68000843FC /* Sources */ = {
			isa = PBXSourcesBuildPhase;
			buildActionMask = 2147483647;
			files = (
				9A9C364226ED118A000843FC /* AstronautView.swift in Sources */,
				9A9C363A26EA8C21000843FC /* Astronaut.swift in Sources */,
				9A9C362926E9EC68000843FC /* ContentView.swift in Sources */,
				9A9C362726E9EC68000843FC /* MoonshotApp.swift in Sources */,
				9A9C363E26EA94A2000843FC /* Mission.swift in Sources */,
				9A9C363C26EA8D64000843FC /* Bundle-Decodable.swift in Sources */,
				9A9C364026ED09DB000843FC /* MissionView.swift in Sources */,
				9A9C364426ED30C0000843FC /* Data.swift in Sources */,
			);
			runOnlyForDeploymentPostprocessing = 0;
		};
/* End PBXSourcesBuildPhase section */

/* Begin XCBuildConfiguration section */
		9A9C363026E9EC68000843FC /* Debug */ = {
			isa = XCBuildConfiguration;
			buildSettings = {
				ALWAYS_SEARCH_USER_PATHS = NO;
				CLANG_ANALYZER_NONNULL = YES;
				CLANG_ANALYZER_NUMBER_OBJECT_CONVERSION = YES_AGGRESSIVE;
				CLANG_CXX_LANGUAGE_STANDARD = "gnu++14";
				CLANG_CXX_LIBRARY = "libc++";
				CLANG_ENABLE_MODULES = YES;
				CLANG_ENABLE_OBJC_ARC = YES;
				CLANG_ENABLE_OBJC_WEAK = YES;
				CLANG_WARN_BLOCK_CAPTURE_AUTORELEASING = YES;
				CLANG_WARN_BOOL_CONVERSION = YES;
				CLANG_WARN_COMMA = YES;
				CLANG_WARN_CONSTANT_CONVERSION = YES;
				CLANG_WARN_DEPRECATED_OBJC_IMPLEMENTATIONS = YES;
				CLANG_WARN_DIRECT_OBJC_ISA_USAGE = YES_ERROR;
				CLANG_WARN_DOCUMENTATION_COMMENTS = YES;
				CLANG_WARN_EMPTY_BODY = YES;
				CLANG_WARN_ENUM_CONVERSION = YES;
				CLANG_WARN_INFINITE_RECURSION = YES;
				CLANG_WARN_INT_CONVERSION = YES;
				CLANG_WARN_NON_LITERAL_NULL_CONVERSION = YES;
				CLANG_WARN_OBJC_IMPLICIT_RETAIN_SELF = YES;
				CLANG_WARN_OBJC_LITERAL_CONVERSION = YES;
				CLANG_WARN_OBJC_ROOT_CLASS = YES_ERROR;
				CLANG_WARN_QUOTED_INCLUDE_IN_FRAMEWORK_HEADER = YES;
				CLANG_WARN_RANGE_LOOP_ANALYSIS = YES;
				CLANG_WARN_STRICT_PROTOTYPES = YES;
				CLANG_WARN_SUSPICIOUS_MOVE = YES;
				CLANG_WARN_UNGUARDED_AVAILABILITY = YES_AGGRESSIVE;
				CLANG_WARN_UNREACHABLE_CODE = YES;
				CLANG_WARN__DUPLICATE_METHOD_MATCH = YES;
				COPY_PHASE_STRIP = NO;
				DEBUG_INFORMATION_FORMAT = dwarf;
				ENABLE_STRICT_OBJC_MSGSEND = YES;
				ENABLE_TESTABILITY = YES;
				GCC_C_LANGUAGE_STANDARD = gnu11;
				GCC_DYNAMIC_NO_PIC = NO;
				GCC_NO_COMMON_BLOCKS = YES;
				GCC_OPTIMIZATION_LEVEL = 0;
				GCC_PREPROCESSOR_DEFINITIONS = (
					"DEBUG=1",
					"$(inherited)",
				);
				GCC_WARN_64_TO_32_BIT_CONVERSION = YES;
				GCC_WARN_ABOUT_RETURN_TYPE = YES_ERROR;
				GCC_WARN_UNDECLARED_SELECTOR = YES;
				GCC_WARN_UNINITIALIZED_AUTOS = YES_AGGRESSIVE;
				GCC_WARN_UNUSED_FUNCTION = YES;
				GCC_WARN_UNUSED_VARIABLE = YES;
				IPHONEOS_DEPLOYMENT_TARGET = 14.5;
				MTL_ENABLE_DEBUG_INFO = INCLUDE_SOURCE;
				MTL_FAST_MATH = YES;
				ONLY_ACTIVE_ARCH = YES;
				SDKROOT = iphoneos;
				SWIFT_ACTIVE_COMPILATION_CONDITIONS = DEBUG;
				SWIFT_OPTIMIZATION_LEVEL = "-Onone";
			};
			name = Debug;
		};
		9A9C363126E9EC68000843FC /* Release */ = {
			isa = XCBuildConfiguration;
			buildSettings = {
				ALWAYS_SEARCH_USER_PATHS = NO;
				CLANG_ANALYZER_NONNULL = YES;
				CLANG_ANALYZER_NUMBER_OBJECT_CONVERSION = YES_AGGRESSIVE;
				CLANG_CXX_LANGUAGE_STANDARD = "gnu++14";
				CLANG_CXX_LIBRARY = "libc++";
				CLANG_ENABLE_MODULES = YES;
				CLANG_ENABLE_OBJC_ARC = YES;
				CLANG_ENABLE_OBJC_WEAK = YES;
				CLANG_WARN_BLOCK_CAPTURE_AUTORELEASING = YES;
				CLANG_WARN_BOOL_CONVERSION = YES;
				CLANG_WARN_COMMA = YES;
				CLANG_WARN_CONSTANT_CONVERSION = YES;
				CLANG_WARN_DEPRECATED_OBJC_IMPLEMENTATIONS = YES;
				CLANG_WARN_DIRECT_OBJC_ISA_USAGE = YES_ERROR;
				CLANG_WARN_DOCUMENTATION_COMMENTS = YES;
				CLANG_WARN_EMPTY_BODY = YES;
				CLANG_WARN_ENUM_CONVERSION = YES;
				CLANG_WARN_INFINITE_RECURSION = YES;
				CLANG_WARN_INT_CONVERSION = YES;
				CLANG_WARN_NON_LITERAL_NULL_CONVERSION = YES;
				CLANG_WARN_OBJC_IMPLICIT_RETAIN_SELF = YES;
				CLANG_WARN_OBJC_LITERAL_CONVERSION = YES;
				CLANG_WARN_OBJC_ROOT_CLASS = YES_ERROR;
				CLANG_WARN_QUOTED_INCLUDE_IN_FRAMEWORK_HEADER = YES;
				CLANG_WARN_RANGE_LOOP_ANALYSIS = YES;
				CLANG_WARN_STRICT_PROTOTYPES = YES;
				CLANG_WARN_SUSPICIOUS_MOVE = YES;
				CLANG_WARN_UNGUARDED_AVAILABILITY = YES_AGGRESSIVE;
				CLANG_WARN_UNREACHABLE_CODE = YES;
				CLANG_WARN__DUPLICATE_METHOD_MATCH = YES;
				COPY_PHASE_STRIP = NO;
				DEBUG_INFORMATION_FORMAT = "dwarf-with-dsym";
				ENABLE_NS_ASSERTIONS = NO;
				ENABLE_STRICT_OBJC_MSGSEND = YES;
				GCC_C_LANGUAGE_STANDARD = gnu11;
				GCC_NO_COMMON_BLOCKS = YES;
				GCC_WARN_64_TO_32_BIT_CONVERSION = YES;
				GCC_WARN_ABOUT_RETURN_TYPE = YES_ERROR;
				GCC_WARN_UNDECLARED_SELECTOR = YES;
				GCC_WARN_UNINITIALIZED_AUTOS = YES_AGGRESSIVE;
				GCC_WARN_UNUSED_FUNCTION = YES;
				GCC_WARN_UNUSED_VARIABLE = YES;
				IPHONEOS_DEPLOYMENT_TARGET = 14.5;
				MTL_ENABLE_DEBUG_INFO = NO;
				MTL_FAST_MATH = YES;
				SDKROOT = iphoneos;
				SWIFT_COMPILATION_MODE = wholemodule;
				SWIFT_OPTIMIZATION_LEVEL = "-O";
				VALIDATE_PRODUCT = YES;
			};
			name = Release;
		};
		9A9C363326E9EC68000843FC /* Debug */ = {
			isa = XCBuildConfiguration;
			buildSettings = {
				ASSETCATALOG_COMPILER_APPICON_NAME = AppIcon;
				ASSETCATALOG_COMPILER_GLOBAL_ACCENT_COLOR_NAME = AccentColor;
				CODE_SIGN_STYLE = Automatic;
				DEVELOPMENT_ASSET_PATHS = "\"Moonshot/Preview Content\"";
				DEVELOPMENT_TEAM = 48RSDSQJLU;
				ENABLE_PREVIEWS = YES;
				INFOPLIST_FILE = Moonshot/Info.plist;
				IPHONEOS_DEPLOYMENT_TARGET = 14.0;
				LD_RUNPATH_SEARCH_PATHS = (
					"$(inherited)",
					"@executable_path/Frameworks",
				);
				PRODUCT_BUNDLE_IDENTIFIER = dragonscry.Moonshot;
				PRODUCT_NAME = "$(TARGET_NAME)";
				SWIFT_VERSION = 5.0;
				TARGETED_DEVICE_FAMILY = "1,2";
			};
			name = Debug;
		};
		9A9C363426E9EC68000843FC /* Release */ = {
			isa = XCBuildConfiguration;
			buildSettings = {
				ASSETCATALOG_COMPILER_APPICON_NAME = AppIcon;
				ASSETCATALOG_COMPILER_GLOBAL_ACCENT_COLOR_NAME = AccentColor;
				CODE_SIGN_STYLE = Automatic;
				DEVELOPMENT_ASSET_PATHS = "\"Moonshot/Preview Content\"";
				DEVELOPMENT_TEAM = 48RSDSQJLU;
				ENABLE_PREVIEWS = YES;
				INFOPLIST_FILE = Moonshot/Info.plist;
				IPHONEOS_DEPLOYMENT_TARGET = 14.0;
				LD_RUNPATH_SEARCH_PATHS = (
					"$(inherited)",
					"@executable_path/Frameworks",
				);
				PRODUCT_BUNDLE_IDENTIFIER = dragonscry.Moonshot;
				PRODUCT_NAME = "$(TARGET_NAME)";
				SWIFT_VERSION = 5.0;
				TARGETED_DEVICE_FAMILY = "1,2";
			};
			name = Release;
		};
/* End XCBuildConfiguration section */

/* Begin XCConfigurationList section */
		9A9C361E26E9EC68000843FC /* Build configuration list for PBXProject "Moonshot" */ = {
			isa = XCConfigurationList;
			buildConfigurations = (
				9A9C363026E9EC68000843FC /* Debug */,
				9A9C363126E9EC68000843FC /* Release */,
			);
			defaultConfigurationIsVisible = 0;
			defaultConfigurationName = Release;
		};
		9A9C363226E9EC68000843FC /* Build configuration list for PBXNativeTarget "Moonshot" */ = {
			isa = XCConfigurationList;
			buildConfigurations = (
				9A9C363326E9EC68000843FC /* Debug */,
				9A9C363426E9EC68000843FC /* Release */,
			);
			defaultConfigurationIsVisible = 0;
			defaultConfigurationName = Release;
		};
/* End XCConfigurationList section */
	};
	rootObject = 9A9C361B26E9EC68000843FC /* Project object */;
}
